
Microsoft Visual Studio Solution File, Format Version 12.00
# Visual Studio Version 16
VisualStudioVersion = 16.0.30621.155
MinimumVisualStudioVersion = 10.0.40219.1
Project("{FAE04EC0-301F-11D3-BF4B-00C04F79EFBC}") = "VisualGPSS", "VisualGPSS\VisualGPSS.csproj", "{6EBCE198-21E1-4410-B9E9-8F4FD206D0AE}"
EndProject
Project("{FAE04EC0-301F-11D3-BF4B-00C04F79EFBC}") = "GPSS", "GPSS\GPSS.csproj", "{7AC7734A-84D9-4B0D-BBF0-55C3A6A96129}"
EndProject
Project("{FAE04EC0-301F-11D3-BF4B-00C04F79EFBC}") = "GPSS.Visualiztion", "GPSS.Visualiztion\GPSS.Visualiztion.csproj", "{5EEC445F-F5F1-4152-90BC-E8BAE37C363F}"
EndProject
Project("{FAE04EC0-301F-11D3-BF4B-00C04F79EFBC}") = "GPSS.PLUS", "GPSS.PLUS\GPSS.PLUS.csproj", "{29E8C1CD-1CA5-4B68-8605-AC081B836F20}"
EndProject
Project("{54435603-DBB4-11D2-8724-00A0C9A8B90C}") = "VGPSS_Setup", "VGPSS_Setup\VGPSS_Setup.vdproj", "{884FB000-FE80-44A5-BA3F-71A5004836C3}"
EndProject
Global
	GlobalSection(SolutionConfigurationPlatforms) = preSolution
		Debug|Any CPU = Debug|Any CPU
		Release|Any CPU = Release|Any CPU
	EndGlobalSection
	GlobalSection(ProjectConfigurationPlatforms) = postSolution
		{6EBCE198-21E1-4410-B9E9-8F4FD206D0AE}.Debug|Any CPU.ActiveCfg = Debug|Any CPU
		{6EBCE198-21E1-4410-B9E9-8F4FD206D0AE}.Debug|Any CPU.Build.0 = Debug|Any CPU
		{6EBCE198-21E1-4410-B9E9-8F4FD206D0AE}.Release|Any CPU.ActiveCfg = Release|Any CPU
		{6EBCE198-21E1-4410-B9E9-8F4FD206D0AE}.Release|Any CPU.Build.0 = Release|Any CPU
		{7AC7734A-84D9-4B0D-BBF0-55C3A6A96129}.Debug|Any CPU.ActiveCfg = Debug|Any CPU
		{7AC7734A-84D9-4B0D-BBF0-55C3A6A96129}.Debug|Any CPU.Build.0 = Debug|Any CPU
		{7AC7734A-84D9-4B0D-BBF0-55C3A6A96129}.Release|Any CPU.ActiveCfg = Release|Any CPU
		{7AC7734A-84D9-4B0D-BBF0-55C3A6A96129}.Release|Any CPU.Build.0 = Release|Any CPU
		{5EEC445F-F5F1-4152-90BC-E8BAE37C363F}.Debug|Any CPU.ActiveCfg = Debug|Any CPU
		{5EEC445F-F5F1-4152-90BC-E8BAE37C363F}.Debug|Any CPU.Build.0 = Debug|Any CPU
		{5EEC445F-F5F1-4152-90BC-E8BAE37C363F}.Release|Any CPU.ActiveCfg = Release|Any CPU
		{5EEC445F-F5F1-4152-90BC-E8BAE37C363F}.Release|Any CPU.Build.0 = Release|Any CPU
		{29E8C1CD-1CA5-4B68-8605-AC081B836F20}.Debug|Any CPU.ActiveCfg = Debug|Any CPU
		{29E8C1CD-1CA5-4B68-8605-AC081B836F20}.Debug|Any CPU.Build.0 = Debug|Any CPU
		{29E8C1CD-1CA5-4B68-8605-AC081B836F20}.Release|Any CPU.ActiveCfg = Release|Any CPU
		{29E8C1CD-1CA5-4B68-8605-AC081B836F20}.Release|Any CPU.Build.0 = Release|Any CPU
		{884FB000-FE80-44A5-BA3F-71A5004836C3}.Debug|Any CPU.ActiveCfg = Debug
		{884FB000-FE80-44A5-BA3F-71A5004836C3}.Release|Any CPU.ActiveCfg = Release
	EndGlobalSection
	GlobalSection(SolutionProperties) = preSolution
		HideSolutionNode = FALSE
	EndGlobalSection
	GlobalSection(ExtensibilityGlobals) = postSolution
		SolutionGuid = {CB959809-A3A6-416A-AC91-E3798672D915}
	EndGlobalSection
EndGlobal
